Microsoft Visual Studio Solution File, Format Version 12.00
# Visual Studio 2012
Project("{FAE04EC0-301F-11D3-BF4B-00C04F79EFBC}") = "ra3_map_studio", "ra3_map_studio/ra3_map_studio.csproj", "{09E5648A-C164-4E20-B761-75C80419F497}"
EndProject
Project("{FAE04EC0-301F-11D3-BF4B-00C04F79EFBC}") = "map_core_lib", "map_core_lib\map_core_lib.csproj", "{2B03866C-83A3-41C3-9BB2-0FDCD286A7B1}"
EndProject
Global
	GlobalSection(SolutionConfigurationPlatforms) = preSolution
	Debug|Any CPU = Debug|Any CPU
	ExportDebug|Any CPU = ExportDebug|Any CPU
	ExportRelease|Any CPU = ExportRelease|Any CPU
	EndGlobalSection
	GlobalSection(ProjectConfigurationPlatforms) = postSolution
		{09E5648A-C164-4E20-B761-75C80419F497}.Debug|Any CPU.ActiveCfg = Debug|Any CPU
		{09E5648A-C164-4E20-B761-75C80419F497}.Debug|Any CPU.Build.0 = Debug|Any CPU
		{09E5648A-C164-4E20-B761-75C80419F497}.ExportDebug|Any CPU.ActiveCfg = ExportDebug|Any CPU
		{09E5648A-C164-4E20-B761-75C80419F497}.ExportDebug|Any CPU.Build.0 = ExportDebug|Any CPU
		{09E5648A-C164-4E20-B761-75C80419F497}.ExportRelease|Any CPU.ActiveCfg = ExportRelease|Any CPU
		{09E5648A-C164-4E20-B761-75C80419F497}.ExportRelease|Any CPU.Build.0 = ExportRelease|Any CPU
		{2B03866C-83A3-41C3-9BB2-0FDCD286A7B1}.Debug|Any CPU.ActiveCfg = Debug|Any CPU
		{2B03866C-83A3-41C3-9BB2-0FDCD286A7B1}.Debug|Any CPU.Build.0 = Debug|Any CPU
		{2B03866C-83A3-41C3-9BB2-0FDCD286A7B1}.ExportDebug|Any CPU.ActiveCfg = Debug|Any CPU
		{2B03866C-83A3-41C3-9BB2-0FDCD286A7B1}.ExportDebug|Any CPU.Build.0 = Debug|Any CPU
		{2B03866C-83A3-41C3-9BB2-0FDCD286A7B1}.ExportRelease|Any CPU.ActiveCfg = Debug|Any CPU
		{2B03866C-83A3-41C3-9BB2-0FDCD286A7B1}.ExportRelease|Any CPU.Build.0 = Debug|Any CPU
	EndGlobalSection
EndGlobal
